
Microsoft Visual Studio Solution File, Format Version 12.00
# Visual Studio Version 16
VisualStudioVersion = 16.0.31205.134
MinimumVisualStudioVersion = 10.0.40219.1
Project("{FAE04EC0-301F-11D3-BF4B-00C04F79EFBC}") = "MonogameDemos", "MonogameDemos\MonogameDemos.csproj", "{121084BE-91FF-4FB4-A08E-2A91EAACF9D8}"
EndProject
Project("{FAE04EC0-301F-11D3-BF4B-00C04F79EFBC}") = "SimpleMovementJump", "SimpleMovementJump\SimpleMovementJump.csproj", "{CD707C32-A8DC-418F-A233-B0B98C5B8D66}"
EndProject
Project("{FAE04EC0-301F-11D3-BF4B-00C04F79EFBC}") = "SimpleMovementWGravity", "SimpleMovementWGravity\SimpleMovementWGravity.csproj", "{C5930A6A-163D-4F9A-B961-96A43F7C9131}"
EndProject
Global
	GlobalSection(SolutionConfigurationPlatforms) = preSolution
		Debug|Any CPU = Debug|Any CPU
		Release|Any CPU = Release|Any CPU
	EndGlobalSection
	GlobalSection(ProjectConfigurationPlatforms) = postSolution
		{121084BE-91FF-4FB4-A08E-2A91EAACF9D8}.Debug|Any CPU.ActiveCfg = Debug|Any CPU
		{121084BE-91FF-4FB4-A08E-2A91EAACF9D8}.Debug|Any CPU.Build.0 = Debug|Any CPU
		{121084BE-91FF-4FB4-A08E-2A91EAACF9D8}.Release|Any CPU.ActiveCfg = Release|Any CPU
		{121084BE-91FF-4FB4-A08E-2A91EAACF9D8}.Release|Any CPU.Build.0 = Release|Any CPU
		{CD707C32-A8DC-418F-A233-B0B98C5B8D66}.Debug|Any CPU.ActiveCfg = Debug|Any CPU
		{CD707C32-A8DC-418F-A233-B0B98C5B8D66}.Debug|Any CPU.Build.0 = Debug|Any CPU
		{CD707C32-A8DC-418F-A233-B0B98C5B8D66}.Release|Any CPU.ActiveCfg = Release|Any CPU
		{CD707C32-A8DC-418F-A233-B0B98C5B8D66}.Release|Any CPU.Build.0 = Release|Any CPU
		{C5930A6A-163D-4F9A-B961-96A43F7C9131}.Debug|Any CPU.ActiveCfg = Debug|Any CPU
		{C5930A6A-163D-4F9A-B961-96A43F7C9131}.Debug|Any CPU.Build.0 = Debug|Any CPU
		{C5930A6A-163D-4F9A-B961-96A43F7C9131}.Release|Any CPU.ActiveCfg = Release|Any CPU
		{C5930A6A-163D-4F9A-B961-96A43F7C9131}.Release|Any CPU.Build.0 = Release|Any CPU
	EndGlobalSection
	GlobalSection(SolutionProperties) = preSolution
		HideSolutionNode = FALSE
	EndGlobalSection
	GlobalSection(ExtensibilityGlobals) = postSolution
		SolutionGuid = {573FB8B7-902B-4793-9F67-05D4BAE7C457}
	EndGlobalSection
EndGlobal
